
Microsoft Visual Studio Solution File, Format Version 12.00
# Visual Studio 15
VisualStudioVersion = 15.0.26730.3
MinimumVisualStudioVersion = 10.0.40219.1
Project("{2150E333-8FDC-42A3-9474-1A3956D46DE8}") = "src", "src", "{DFE006E7-3C4B-4E10-9886-C7F74CD3CD9F}"
EndProject
Project("{2150E333-8FDC-42A3-9474-1A3956D46DE8}") = "Solution Items", "Solution Items", "{1290A580-4C23-4974-AA73-DF1AB4CABB78}"
	ProjectSection(SolutionItems) = preProject
		LICENSE = LICENSE
		README.md = README.md
	EndProjectSection
EndProject
Project("{2150E333-8FDC-42A3-9474-1A3956D46DE8}") = "test", "test", "{54423C7F-02D7-429A-A5C3-38FF0D93BBAB}"
EndProject
Project("{9A19103F-16F7-4668-BE54-9A1E7A4F7556}") = "NoContainer.Tests", "tests\NoContainer.Tests.csproj", "{F3CA0D24-1EF3-419D-BA63-615B74406FF9}"
EndProject
Project("{9A19103F-16F7-4668-BE54-9A1E7A4F7556}") = "NoContainer", "src\NoContainer\NoContainer.csproj", "{94FCB582-0922-4B7F-8AE4-1D80D3A104C7}"
EndProject
Global
	GlobalSection(SolutionConfigurationPlatforms) = preSolution
		Debug|Any CPU = Debug|Any CPU
		Release|Any CPU = Release|Any CPU
	EndGlobalSection
	GlobalSection(ProjectConfigurationPlatforms) = postSolution
		{F3CA0D24-1EF3-419D-BA63-615B74406FF9}.Debug|Any CPU.ActiveCfg = Debug|Any CPU
		{F3CA0D24-1EF3-419D-BA63-615B74406FF9}.Debug|Any CPU.Build.0 = Debug|Any CPU
		{F3CA0D24-1EF3-419D-BA63-615B74406FF9}.Release|Any CPU.ActiveCfg = Release|Any CPU
		{F3CA0D24-1EF3-419D-BA63-615B74406FF9}.Release|Any CPU.Build.0 = Release|Any CPU
		{94FCB582-0922-4B7F-8AE4-1D80D3A104C7}.Debug|Any CPU.ActiveCfg = Debug|Any CPU
		{94FCB582-0922-4B7F-8AE4-1D80D3A104C7}.Debug|Any CPU.Build.0 = Debug|Any CPU
		{94FCB582-0922-4B7F-8AE4-1D80D3A104C7}.Release|Any CPU.ActiveCfg = Release|Any CPU
		{94FCB582-0922-4B7F-8AE4-1D80D3A104C7}.Release|Any CPU.Build.0 = Release|Any CPU
	EndGlobalSection
	GlobalSection(SolutionProperties) = preSolution
		HideSolutionNode = FALSE
	EndGlobalSection
	GlobalSection(NestedProjects) = preSolution
		{F3CA0D24-1EF3-419D-BA63-615B74406FF9} = {54423C7F-02D7-429A-A5C3-38FF0D93BBAB}
		{94FCB582-0922-4B7F-8AE4-1D80D3A104C7} = {DFE006E7-3C4B-4E10-9886-C7F74CD3CD9F}
	EndGlobalSection
	GlobalSection(ExtensibilityGlobals) = postSolution
		SolutionGuid = {CFAFC50E-BFCB-48C1-8F98-33C32E34C935}
	EndGlobalSection
EndGlobal
